PODS:
  - SJFrameLayout (0.1.0):
    - SJFrameLayout/Core (= 0.1.0)
  - SJFrameLayout/Core (0.1.0)
  - SJRouter (0.0.11):
    - SJRouter/Core (= 0.0.11)
  - SJRouter/Core (0.0.11)
  - SJUIKit/ObserverHelper (0.0.0.25)
  - SJUIKit/Queues (0.0.0.25)

DEPENDENCIES:
  - SJFrameLayout (from `../`)
  - SJRouter
  - SJUIKit/ObserverHelper
  - SJUIKit/Queues

SPEC REPOS:
  https://github.com/cocoapods/specs.git:
    - SJRouter
    - SJUIKit

EXTERNAL SOURCES:
  SJFrameLayout:
    :path: "../"

SPEC CHECKSUMS:
  SJFrameLayout: 5fdd26af53edd5aca6c6a8cbca112610d5c536c8
  SJRouter: 62dd20b18a199ca9d251817449b901f9228daad1
  SJUIKit: 1b7b0606cfcbd06a547a02139f85f1ac775c7775

PODFILE CHECKSUM: e409c9bc97a26036ba3c0b790dca68195dd4bde4

COCOAPODS: 1.7.0.beta.3
