PODS:
  - SJFrameLayout (0.1.0):
    - SJFrameLayout/Core (= 0.1.0)
  - SJFrameLayout/Core (0.1.0)
  - SJRouter (0.0.11):
    - SJRouter/Core (= 0.0.11)
  - SJRouter/Core (0.0.11)

DEPENDENCIES:
  - SJFrameLayout (from `../`)
  - SJRouter

SPEC REPOS:
  https://github.com/cocoapods/specs.git:
    - SJRouter

EXTERNAL SOURCES:
  SJFrameLayout:
    :path: "../"

SPEC CHECKSUMS:
  SJFrameLayout: 5fdd26af53edd5aca6c6a8cbca112610d5c536c8
  SJRouter: 62dd20b18a199ca9d251817449b901f9228daad1

PODFILE CHECKSUM: 9602c008931533c4f2ac0c8c20ee1d639d33b568

COCOAPODS: 1.7.0.beta.3
